<?xml version="1.0" encoding="utf-8"?>
<Project ToolsVersion="4.0" xmlns="http://schemas.microsoft.com/developer/msbuild/2003">
  <ItemGroup>
    <Filter Include="소스 파일">
      <UniqueIdentifier>{4FC737F1-C7A5-4376-A066-2A32D752A2FF}</UniqueIdentifier>
      <Extensions>cpp;c;cc;cxx;c++;cppm;ixx;def;odl;idl;hpj;bat;asm;asmx</Extensions>
    </Filter>
    <Filter Include="헤더 파일">
      <UniqueIdentifier>{93995380-89BD-4b04-88EB-625FBE52EBFB}</UniqueIdentifier>
      <Extensions>h;hh;hpp;hxx;h++;hm;inl;inc;ipp;xsd</Extensions>
    </Filter>
    <Filter Include="리소스 파일">
      <UniqueIdentifier>{67DA6AB6-F800-4c08-8B7A-83BB121AAD01}</UniqueIdentifier>
      <Extensions>rc;ico;cur;bmp;dlg;rc2;rct;bin;rgs;gif;jpg;jpeg;jpe;resx;tiff;tif;png;wav;mfcribbon-ms</Extensions>
    </Filter>
    <Filter Include="소스 파일\Server">
      <UniqueIdentifier>{f5b5d495-1eac-4e42-b3f2-0bb0fa1bbe4d}</UniqueIdentifier>
    </Filter>
    <Filter Include="소스 파일\Manager">
      <UniqueIdentifier>{e1f09165-52a0-4e53-8f02-ea1e326e4711}</UniqueIdentifier>
    </Filter>
    <Filter Include="소스 파일\Object">
      <UniqueIdentifier>{a9cf9559-57a3-4c7e-85cf-3874d3ef10e4}</UniqueIdentifier>
    </Filter>
    <Filter Include="소스 파일\Util">
      <UniqueIdentifier>{adc9de9c-0296-4ded-867b-ffeeaf4cc5ee}</UniqueIdentifier>
    </Filter>
    <Filter Include="소스 파일\Resource">
      <UniqueIdentifier>{659f7e30-9a84-4823-99ff-4c7189c9d7f0}</UniqueIdentifier>
    </Filter>
    <Filter Include="소스 파일\Object\Client">
      <UniqueIdentifier>{7420a33f-e281-4934-b88b-e21f31296ee9}</UniqueIdentifier>
    </Filter>
    <Filter Include="소스 파일\Object\Item">
      <UniqueIdentifier>{0b3aae37-a24c-458c-b04a-03e804b24197}</UniqueIdentifier>
    </Filter>
    <Filter Include="소스 파일\Object\CNpc">
      <UniqueIdentifier>{ef04aaf3-c0a4-418c-b74e-93544bfdb72f}</UniqueIdentifier>
    </Filter>
    <Filter Include="소스 파일\Object\Stat">
      <UniqueIdentifier>{e5bbe50c-b72f-4595-8880-9a12170ddb44}</UniqueIdentifier>
    </Filter>
    <Filter Include="소스 파일\Object\Client\Skill">
      <UniqueIdentifier>{04f7bd04-02f5-43fe-abb2-89f7f0617666}</UniqueIdentifier>
    </Filter>
  </ItemGroup>
  <ItemGroup>
    <ClInclude Include="pch.h">
      <Filter>헤더 파일</Filter>
    </ClInclude>
    <ClInclude Include="protocol.h">
      <Filter>헤더 파일</Filter>
    </ClInclude>
    <ClInclude Include="CDatabase.h">
      <Filter>헤더 파일</Filter>
    </ClInclude>
    <ClInclude Include="CServer.h">
      <Filter>소스 파일\Server</Filter>
    </ClInclude>
    <ClInclude Include="CNetworkMgr.h">
      <Filter>소스 파일\Manager</Filter>
    </ClInclude>
    <ClInclude Include="CObject.h">
      <Filter>소스 파일\Object</Filter>
    </ClInclude>
    <ClInclude Include="GameUtil.h">
      <Filter>소스 파일\Util</Filter>
    </ClInclude>
    <ClInclude Include="CPacketMgr.h">
      <Filter>소스 파일\Manager</Filter>
    </ClInclude>
    <ClInclude Include="OverExp.h">
      <Filter>소스 파일\Util</Filter>
    </ClInclude>
    <ClInclude Include="LuaFunc.h">
      <Filter>소스 파일\Util</Filter>
    </ClInclude>
    <ClInclude Include="COverlapEx.h">
      <Filter>소스 파일\Resource</Filter>
    </ClInclude>
    <ClInclude Include="CItem.h">
      <Filter>소스 파일\Object\Item</Filter>
    </ClInclude>
    <ClInclude Include="CClient.h">
      <Filter>소스 파일\Object\Client</Filter>
    </ClInclude>
    <ClInclude Include="CNpc.h">
      <Filter>소스 파일\Object\CNpc</Filter>
    </ClInclude>
    <ClInclude Include="CStat.h">
      <Filter>소스 파일\Object\Stat</Filter>
    </ClInclude>
    <ClInclude Include="ChatUtil.h">
      <Filter>소스 파일\Util</Filter>
    </ClInclude>
    <ClInclude Include="CItemGenerator.h">
      <Filter>소스 파일\Object\Item</Filter>
    </ClInclude>
    <ClInclude Include="CSkill.h">
      <Filter>소스 파일\Object\Client\Skill</Filter>
    </ClInclude>
  </ItemGroup>
  <ItemGroup>
    <ClCompile Include="main.cpp">
      <Filter>소스 파일</Filter>
    </ClCompile>
    <ClCompile Include="CDatabase.cpp">
      <Filter>소스 파일</Filter>
    </ClCompile>
    <ClCompile Include="CServer.cpp">
      <Filter>소스 파일\Server</Filter>
    </ClCompile>
    <ClCompile Include="CNetworkMgr.cpp">
      <Filter>소스 파일\Manager</Filter>
    </ClCompile>
    <ClCompile Include="CObject.cpp">
      <Filter>소스 파일\Object</Filter>
    </ClCompile>
    <ClCompile Include="GameUtil.cpp">
      <Filter>소스 파일\Util</Filter>
    </ClCompile>
    <ClCompile Include="CPacketMgr.cpp">
      <Filter>소스 파일\Manager</Filter>
    </ClCompile>
    <ClCompile Include="OverExp.cpp">
      <Filter>소스 파일\Util</Filter>
    </ClCompile>
    <ClCompile Include="LuaFunc.cpp">
      <Filter>소스 파일\Util</Filter>
    </ClCompile>
    <ClCompile Include="COverlapEx.cpp">
      <Filter>소스 파일\Resource</Filter>
    </ClCompile>
    <ClCompile Include="CItem.cpp">
      <Filter>소스 파일\Object\Item</Filter>
    </ClCompile>
    <ClCompile Include="CClient.cpp">
      <Filter>소스 파일\Object\Client</Filter>
    </ClCompile>
    <ClCompile Include="CNpc.cpp">
      <Filter>소스 파일\Object\CNpc</Filter>
    </ClCompile>
    <ClCompile Include="CStat.cpp">
      <Filter>소스 파일\Object\Stat</Filter>
    </ClCompile>
    <ClCompile Include="ChatUtil.cpp">
      <Filter>소스 파일\Util</Filter>
    </ClCompile>
    <ClCompile Include="CItemGenerator.cpp">
      <Filter>소스 파일\Object\Item</Filter>
    </ClCompile>
    <ClCompile Include="CSkill.cpp">
      <Filter>소스 파일\Object\Client\Skill</Filter>
    </ClCompile>
  </ItemGroup>
  <ItemGroup>
    <Library Include="lua54.lib">
      <Filter>리소스 파일</Filter>
    </Library>
  </ItemGroup>
  <ItemGroup>
    <None Include="npc.lua">
      <Filter>리소스 파일</Filter>
    </None>
  </ItemGroup>
</Project>