
Microsoft Visual Studio Solution File, Format Version 12.00
# Visual Studio Version 17
VisualStudioVersion = 17.1.32328.378
MinimumVisualStudioVersion = 10.0.40219.1
Project("{8BC9CEB8-8B4A-11D0-8D11-00A0C91BC942}") = "TermProject_Client", "TermProject_Client\TermProject_Client.vcxproj", "{4E8CF8F1-3178-44A0-8079-2D84FA18CF64}"
EndProject
Global
	GlobalSection(SolutionConfigurationPlatforms) = preSolution
		Debug|x64 = Debug|x64
		Debug|x86 = Debug|x86
		Release|x64 = Release|x64
		Release|x86 = Release|x86
	EndGlobalSection
	GlobalSection(ProjectConfigurationPlatforms) = postSolution
		{4E8CF8F1-3178-44A0-8079-2D84FA18CF64}.Debug|x64.ActiveCfg = Debug|x64
		{4E8CF8F1-3178-44A0-8079-2D84FA18CF64}.Debug|x64.Build.0 = Debug|x64
		{4E8CF8F1-3178-44A0-8079-2D84FA18CF64}.Debug|x86.ActiveCfg = Debug|Win32
		{4E8CF8F1-3178-44A0-8079-2D84FA18CF64}.Debug|x86.Build.0 = Debug|Win32
		{4E8CF8F1-3178-44A0-8079-2D84FA18CF64}.Release|x64.ActiveCfg = Release|x64
		{4E8CF8F1-3178-44A0-8079-2D84FA18CF64}.Release|x64.Build.0 = Release|x64
		{4E8CF8F1-3178-44A0-8079-2D84FA18CF64}.Release|x86.ActiveCfg = Release|Win32
		{4E8CF8F1-3178-44A0-8079-2D84FA18CF64}.Release|x86.Build.0 = Release|Win32
	EndGlobalSection
	GlobalSection(SolutionProperties) = preSolution
		HideSolutionNode = FALSE
	EndGlobalSection
	GlobalSection(ExtensibilityGlobals) = postSolution
		SolutionGuid = {9A005254-CBC3-4FF7-9EFB-B9CAD58C3D81}
	EndGlobalSection
EndGlobal
